
Microsoft Visual Studio Solution File, Format Version 12.00
# Visual Studio Version 17
VisualStudioVersion = 17.4.33213.308
MinimumVisualStudioVersion = 10.0.40219.1
Project("{9A19103F-16F7-4668-BE54-9A1E7A4F7556}") = "TestBlog", "TestBlog\TestBlog.csproj", "{60B6A8AF-074B-452B-A416-BA59FD63F45E}"
EndProject
Project("{9A19103F-16F7-4668-BE54-9A1E7A4F7556}") = "TestBlog.Data", "TestBlog.Data\TestBlog.Data.csproj", "{9FE0539D-7ECA-4788-99B6-1D33DEEE55F9}"
EndProject
Project("{9A19103F-16F7-4668-BE54-9A1E7A4F7556}") = "TestBlog.Service", "TestBlog.Service\TestBlog.Service.csproj", "{24A9F8A6-A332-4FB1-8AED-C4EC4FD2B93C}"
EndProject
Project("{9A19103F-16F7-4668-BE54-9A1E7A4F7556}") = "TestBlog.Tests", "TestBlog.Tests\TestBlog.Tests.csproj", "{B03996DD-17F5-4270-A6D3-07F70A4BFC2A}"
EndProject
Global
	GlobalSection(SolutionConfigurationPlatforms) = preSolution
		Debug|Any CPU = Debug|Any CPU
		Release|Any CPU = Release|Any CPU
	EndGlobalSection
	GlobalSection(ProjectConfigurationPlatforms) = postSolution
		{60B6A8AF-074B-452B-A416-BA59FD63F45E}.Debug|Any CPU.ActiveCfg = Debug|Any CPU
		{60B6A8AF-074B-452B-A416-BA59FD63F45E}.Debug|Any CPU.Build.0 = Debug|Any CPU
		{60B6A8AF-074B-452B-A416-BA59FD63F45E}.Release|Any CPU.ActiveCfg = Release|Any CPU
		{60B6A8AF-074B-452B-A416-BA59FD63F45E}.Release|Any CPU.Build.0 = Release|Any CPU
		{9FE0539D-7ECA-4788-99B6-1D33DEEE55F9}.Debug|Any CPU.ActiveCfg = Debug|Any CPU
		{9FE0539D-7ECA-4788-99B6-1D33DEEE55F9}.Debug|Any CPU.Build.0 = Debug|Any CPU
		{9FE0539D-7ECA-4788-99B6-1D33DEEE55F9}.Release|Any CPU.ActiveCfg = Release|Any CPU
		{9FE0539D-7ECA-4788-99B6-1D33DEEE55F9}.Release|Any CPU.Build.0 = Release|Any CPU
		{24A9F8A6-A332-4FB1-8AED-C4EC4FD2B93C}.Debug|Any CPU.ActiveCfg = Debug|Any CPU
		{24A9F8A6-A332-4FB1-8AED-C4EC4FD2B93C}.Debug|Any CPU.Build.0 = Debug|Any CPU
		{24A9F8A6-A332-4FB1-8AED-C4EC4FD2B93C}.Release|Any CPU.ActiveCfg = Release|Any CPU
		{24A9F8A6-A332-4FB1-8AED-C4EC4FD2B93C}.Release|Any CPU.Build.0 = Release|Any CPU
		{B03996DD-17F5-4270-A6D3-07F70A4BFC2A}.Debug|Any CPU.ActiveCfg = Debug|Any CPU
		{B03996DD-17F5-4270-A6D3-07F70A4BFC2A}.Debug|Any CPU.Build.0 = Debug|Any CPU
		{B03996DD-17F5-4270-A6D3-07F70A4BFC2A}.Release|Any CPU.ActiveCfg = Release|Any CPU
		{B03996DD-17F5-4270-A6D3-07F70A4BFC2A}.Release|Any CPU.Build.0 = Release|Any CPU
	EndGlobalSection
	GlobalSection(SolutionProperties) = preSolution
		HideSolutionNode = FALSE
	EndGlobalSection
	GlobalSection(ExtensibilityGlobals) = postSolution
		SolutionGuid = {3C2F2145-06E6-4349-BD16-ABCCE08A0C8D}
	EndGlobalSection
EndGlobal
